# This file was autogenerated by Stack.
# You should not edit this file by hand.
# For more information, please see the documentation at:
#   https://docs.haskellstack.org/en/stable/lock_files

packages:
- completed:
    hackage: streamly-0.6.1@sha256:5c8501ffc49cb55563fbdb3e971d66a75b628ee4a9db2d93f108ec1ea961347a,25103
    pantry-tree:
      size: 4217
      sha256: ebaea57d8709839ec468d0a9affe5beada0e3014f2ac76a5a3776b53af314a1d
  original:
    hackage: streamly-0.6.1@sha256:5c8501ffc49cb55563fbdb3e971d66a75b628ee4a9db2d93f108ec1ea961347a
snapshots:
- completed:
    size: 523878
    url: https://raw.githubusercontent.com/commercialhaskell/stackage-snapshots/master/lts/14/3.yaml
    sha256: 470c46c27746a48c7c50f829efc0cf00112787a7804ee4ac7a27754658f6d92c
  original: lts-14.3
