# This file was autogenerated by Stack.
# You should not edit this file by hand.
# For more information, please see the documentation at:
#   https://docs.haskellstack.org/en/stable/lock_files

packages:
- completed:
    hackage: streamly-0.8.0@sha256:9784c80ee1ada51477520cabc4e92a0c76a6bb265f968a188f2fce818e7398e0,19654
    pantry-tree:
      size: 21676
      sha256: 42c3843e920955b647a25a125c090efa72e024d1ef73d8e3ccf5710dc9217940
  original:
    hackage: streamly-0.8.0
snapshots:
- completed:
    size: 567037
    url: https://raw.githubusercontent.com/commercialhaskell/stackage-snapshots/master/lts/17/9.yaml
    sha256: d7d8d5106e53d1669964bd8bd2b0f88a5ad192d772f5376384b76738fd992311
  original: lts-17.9
